
Microsoft Visual Studio Solution File, Format Version 12.00
# Visual Studio 15
VisualStudioVersion = 15.0.28307.572
MinimumVisualStudioVersion = 10.0.40219.1
Project("{FAE04EC0-301F-11D3-BF4B-00C04F79EFBC}") = "Exercicio3", "Exercicio3\Exercicio3.csproj", "{BC7D96C3-DC64-429F-B5D2-171CD73C3E60}"
EndProject
Global
	GlobalSection(SolutionConfigurationPlatforms) = preSolution
		Debug|Any CPU = Debug|Any CPU
		Release|Any CPU = Release|Any CPU
	EndGlobalSection
	GlobalSection(ProjectConfigurationPlatforms) = postSolution
		{BC7D96C3-DC64-429F-B5D2-171CD73C3E60}.Debug|Any CPU.ActiveCfg = Debug|Any CPU
		{BC7D96C3-DC64-429F-B5D2-171CD73C3E60}.Debug|Any CPU.Build.0 = Debug|Any CPU
		{BC7D96C3-DC64-429F-B5D2-171CD73C3E60}.Release|Any CPU.ActiveCfg = Release|Any CPU
		{BC7D96C3-DC64-429F-B5D2-171CD73C3E60}.Release|Any CPU.Build.0 = Release|Any CPU
	EndGlobalSection
	GlobalSection(SolutionProperties) = preSolution
		HideSolutionNode = FALSE
	EndGlobalSection
	GlobalSection(ExtensibilityGlobals) = postSolution
		SolutionGuid = {054CD9A0-7D50-4EEF-B121-7A6F3852A2E6}
	EndGlobalSection
EndGlobal
