
Microsoft Visual Studio Solution File, Format Version 12.00
# Visual Studio Version 16
VisualStudioVersion = 16.0.28803.452
MinimumVisualStudioVersion = 10.0.40219.1
Project("{FAE04EC0-301F-11D3-BF4B-00C04F79EFBC}") = "Exercicio6", "Exercicio6\Exercicio6.csproj", "{B6850C2B-42BF-45CC-BFBD-B2B2F13B7141}"
EndProject
Global
	GlobalSection(SolutionConfigurationPlatforms) = preSolution
		Debug|Any CPU = Debug|Any CPU
		Release|Any CPU = Release|Any CPU
	EndGlobalSection
	GlobalSection(ProjectConfigurationPlatforms) = postSolution
		{B6850C2B-42BF-45CC-BFBD-B2B2F13B7141}.Debug|Any CPU.ActiveCfg = Debug|Any CPU
		{B6850C2B-42BF-45CC-BFBD-B2B2F13B7141}.Debug|Any CPU.Build.0 = Debug|Any CPU
		{B6850C2B-42BF-45CC-BFBD-B2B2F13B7141}.Release|Any CPU.ActiveCfg = Release|Any CPU
		{B6850C2B-42BF-45CC-BFBD-B2B2F13B7141}.Release|Any CPU.Build.0 = Release|Any CPU
	EndGlobalSection
	GlobalSection(SolutionProperties) = preSolution
		HideSolutionNode = FALSE
	EndGlobalSection
	GlobalSection(ExtensibilityGlobals) = postSolution
		SolutionGuid = {876946A2-DA73-4714-BBB5-8C8BA4AD61A3}
	EndGlobalSection
EndGlobal
