
Microsoft Visual Studio Solution File, Format Version 12.00
# Visual Studio Version 16
VisualStudioVersion = 16.0.28803.452
MinimumVisualStudioVersion = 10.0.40219.1
Project("{FAE04EC0-301F-11D3-BF4B-00C04F79EFBC}") = "Exercicio1", "Exercicio1\Exercicio1.csproj", "{4B4B1323-0931-4587-8ECD-27CE6E390A09}"
EndProject
Global
	GlobalSection(SolutionConfigurationPlatforms) = preSolution
		Debug|Any CPU = Debug|Any CPU
		Release|Any CPU = Release|Any CPU
	EndGlobalSection
	GlobalSection(ProjectConfigurationPlatforms) = postSolution
		{4B4B1323-0931-4587-8ECD-27CE6E390A09}.Debug|Any CPU.ActiveCfg = Debug|Any CPU
		{4B4B1323-0931-4587-8ECD-27CE6E390A09}.Debug|Any CPU.Build.0 = Debug|Any CPU
		{4B4B1323-0931-4587-8ECD-27CE6E390A09}.Release|Any CPU.ActiveCfg = Release|Any CPU
		{4B4B1323-0931-4587-8ECD-27CE6E390A09}.Release|Any CPU.Build.0 = Release|Any CPU
	EndGlobalSection
	GlobalSection(SolutionProperties) = preSolution
		HideSolutionNode = FALSE
	EndGlobalSection
	GlobalSection(ExtensibilityGlobals) = postSolution
		SolutionGuid = {8EA6070D-FB8E-450C-9EA6-FF82D153EF0A}
	EndGlobalSection
EndGlobal
